github.com/google/go-cmp v0.6.0 h1:ofyhxvXcZhMsU5ulbFiLKl/XBFqE1GSq7atu8tAmTRI=
github.com/google/go-cmp v0.6.0/go.mod h1:17dUlkBOakJ0+DkrSSNjCkIjxS6bF9zb3elmeNGIjoY=
github.com/mbauer83/effect-golang v0.4.0 h1:h3HNBS4QWCtJHLL3vaiNRTSgn7sC5yH+g/UmZD26HNc=
github.com/mbauer83/effect-golang v0.4.0/go.mod h1:daWwngjiS9LTB+4fCQJnAo/dL5jRdZwLsGb0ICrqXqQ=
github.com/mbauer83/effect-golang-observe v0.3.0 h1:AvrpjL9kz0DDl8lpi4EEBks3rV2UgrSmHG60BXGbVMA=
github.com/mbauer83/effect-golang-observe v0.3.0/go.mod h1:YbAUmMqwGAajzkcp7knA80yyZ0teaLVzbYnWVLuZk8k=
github.com/mbauer83/effect-golang-schema v0.5.0 h1:YvymJ+psmr/cmuT/5hF8qrYzSmj50xhsfEVid6cByIc=
github.com/mbauer83/effect-golang-schema v0.5.0/go.mod h1:hchQ1ZE4v0d5GKsB4BcQnUZkzcco8SNJcPsrT0+vuZ8=
github.com/mbauer83/effect-golang-web v0.6.0 h1:48VBnr9it0EQYu/MviAr4gIjGRxP7CB51Va391bMgRs=
github.com/mbauer83/effect-golang-web v0.6.0/go.mod h1:y1wdq5cHyYUyxdpV/69AGiZlQnkNejS+GdscuKJUrbk=
github.com/mbauer83/effect-golang/tools/effectgo v0.4.0 h1:SF+KZZMgEkAPdxduuFV08GvsVMW7kdq+JH6o5B4x46s=
github.com/mbauer83/effect-golang/tools/effectgo v0.4.0/go.mod h1:QenzWQo3OTwMuY6SqqlDz6v9Agf3PnSpdJOjBCdtS9Y=
golang.org/x/mod v0.41.0 h1:qJmnOUb4YB+FsEuM3HcWucdZASCPGhsX6uljO6pog0c=
golang.org/x/mod v0.41.0/go.mod h1:Ek9pY8RKWXwsWvd3rQiHYtMqkjSUV+s1Rj7j4H5Ur6o=
golang.org/x/sync v0.23.0 h1:KameEIfc1IkluZyXWLn39Wd4tURc6GbCiISGiZm2bQk=
golang.org/x/sync v0.23.0/go.mod h1:sUUOizhqBxiL6pEWpqNLUiaJn1ShEbZ6BBqskPbjZm0=
golang.org/x/tools v0.50.0 h1:c2ifzfcuY7L90lZ2aKd8S4K2NpASF08SZx9ZuJkHmSU=
golang.org/x/tools v0.50.0/go.mod h1:7ulVMw3831Mwi5EZD6RomGyffr4VFjuNYXf2BbCEAV0=
