github.com/google/go-cmp v0.6.0 h1:ofyhxvXcZhMsU5ulbFiLKl/XBFqE1GSq7atu8tAmTRI=
github.com/google/go-cmp v0.6.0/go.mod h1:17dUlkBOakJ0+DkrSSNjCkIjxS6bF9zb3elmeNGIjoY=
github.com/mbauer83/effect-golang v0.3.0 h1:7TSQsBZxD/hbOlQojIWZHoZjrxHKGS/1VTi2EcxOn+M=
github.com/mbauer83/effect-golang v0.3.0/go.mod h1:daWwngjiS9LTB+4fCQJnAo/dL5jRdZwLsGb0ICrqXqQ=
github.com/mbauer83/effect-golang-observe v0.2.0 h1:QKQj/avepKTToa2c4+LbvqSEcqejx8xzwtEj7IFtQTw=
github.com/mbauer83/effect-golang-observe v0.2.0/go.mod h1:ATFEelR5uy+qGsoz0/BAxMzcbrBrfpP4ZZ3gvM/n2rs=
github.com/mbauer83/effect-golang-schema v0.3.0 h1:VRgVlUABpTjVMAULhJAvvPh/UgF8lbJM86GoUAsqUEQ=
github.com/mbauer83/effect-golang-schema v0.3.0/go.mod h1:HLB1vI2W8rNWdfJUdcN0NKMY6AYud37hT4sj8moTxdQ=
github.com/mbauer83/effect-golang-web v0.4.0 h1:6nvvYv0/jywrBftJ+CPnog/qDHGptWcBQsJ8GBpbUlo=
github.com/mbauer83/effect-golang-web v0.4.0/go.mod h1:WeHbKR3nnskrfYMd7MNEBDXl7fLuJxK8I4esRVZj39Y=
github.com/mbauer83/effect-golang/tools/effectgo v0.3.0 h1:e82+W0S18UCWEkmA+1NgiH7PhdXYtqNxpwk4J0+F7tY=
github.com/mbauer83/effect-golang/tools/effectgo v0.3.0/go.mod h1:QenzWQo3OTwMuY6SqqlDz6v9Agf3PnSpdJOjBCdtS9Y=
golang.org/x/mod v0.41.0 h1:qJmnOUb4YB+FsEuM3HcWucdZASCPGhsX6uljO6pog0c=
golang.org/x/mod v0.41.0/go.mod h1:Ek9pY8RKWXwsWvd3rQiHYtMqkjSUV+s1Rj7j4H5Ur6o=
golang.org/x/sync v0.23.0 h1:KameEIfc1IkluZyXWLn39Wd4tURc6GbCiISGiZm2bQk=
golang.org/x/sync v0.23.0/go.mod h1:sUUOizhqBxiL6pEWpqNLUiaJn1ShEbZ6BBqskPbjZm0=
golang.org/x/tools v0.50.0 h1:c2ifzfcuY7L90lZ2aKd8S4K2NpASF08SZx9ZuJkHmSU=
golang.org/x/tools v0.50.0/go.mod h1:7ulVMw3831Mwi5EZD6RomGyffr4VFjuNYXf2BbCEAV0=
